
Microsoft Visual Studio Solution File, Format Version 12.00
# Visual Studio Version 17
VisualStudioVersion = 17.10.35013.160
MinimumVisualStudioVersion = 10.0.40219.1
Project("{9A19103F-16F7-4668-BE54-9A1E7A4F7556}") = "QNBFinansbank.VirtualPos", "QNBFinansbank.VirtualPos\QNBFinansbank.VirtualPos.csproj", "{325FB2A0-32A6-47E2-B48A-8CFB74F2EAB3}"
EndProject
Project("{9A19103F-16F7-4668-BE54-9A1E7A4F7556}") = "QNBFinansbank.WebUI", "QNBFinansbank.WebUI\QNBFinansbank.WebUI.csproj", "{2ADED46E-36BD-481F-AC2F-E55DB37FC39A}"
EndProject
Project("{9A19103F-16F7-4668-BE54-9A1E7A4F7556}") = "QNBFinansbank.CashManagement", "QNBFinansbank.CashManagement\QNBFinansbank.CashManagement.csproj", "{02579966-F01C-424F-B855-C05EA9DD8697}"
EndProject
Project("{9A19103F-16F7-4668-BE54-9A1E7A4F7556}") = "QNBFinansbank.MoneyTransfer", "QNBFinansbank.MoneyTransfer\QNBFinansbank.MoneyTransfer.csproj", "{BE081260-931C-4C93-81E3-CDB4A5855E2B}"
EndProject
Project("{FAE04EC0-301F-11D3-BF4B-00C04F79EFBC}") = "QNBFinansbank.WebAPI", "QNBFinansbank.WebAPI\QNBFinansbank.WebAPI.csproj", "{413B877E-B40E-4E2B-A5AA-FBA0EA56195E}"
EndProject
Global
	GlobalSection(SolutionConfigurationPlatforms) = preSolution
		Debug|Any CPU = Debug|Any CPU
		Release|Any CPU = Release|Any CPU
	EndGlobalSection
	GlobalSection(ProjectConfigurationPlatforms) = postSolution
		{325FB2A0-32A6-47E2-B48A-8CFB74F2EAB3}.Debug|Any CPU.ActiveCfg = Debug|Any CPU
		{325FB2A0-32A6-47E2-B48A-8CFB74F2EAB3}.Debug|Any CPU.Build.0 = Debug|Any CPU
		{325FB2A0-32A6-47E2-B48A-8CFB74F2EAB3}.Release|Any CPU.ActiveCfg = Release|Any CPU
		{325FB2A0-32A6-47E2-B48A-8CFB74F2EAB3}.Release|Any CPU.Build.0 = Release|Any CPU
		{2ADED46E-36BD-481F-AC2F-E55DB37FC39A}.Debug|Any CPU.ActiveCfg = Debug|Any CPU
		{2ADED46E-36BD-481F-AC2F-E55DB37FC39A}.Debug|Any CPU.Build.0 = Debug|Any CPU
		{2ADED46E-36BD-481F-AC2F-E55DB37FC39A}.Release|Any CPU.ActiveCfg = Release|Any CPU
		{2ADED46E-36BD-481F-AC2F-E55DB37FC39A}.Release|Any CPU.Build.0 = Release|Any CPU
		{02579966-F01C-424F-B855-C05EA9DD8697}.Debug|Any CPU.ActiveCfg = Debug|Any CPU
		{02579966-F01C-424F-B855-C05EA9DD8697}.Debug|Any CPU.Build.0 = Debug|Any CPU
		{02579966-F01C-424F-B855-C05EA9DD8697}.Release|Any CPU.ActiveCfg = Release|Any CPU
		{02579966-F01C-424F-B855-C05EA9DD8697}.Release|Any CPU.Build.0 = Release|Any CPU
		{BE081260-931C-4C93-81E3-CDB4A5855E2B}.Debug|Any CPU.ActiveCfg = Debug|Any CPU
		{BE081260-931C-4C93-81E3-CDB4A5855E2B}.Debug|Any CPU.Build.0 = Debug|Any CPU
		{BE081260-931C-4C93-81E3-CDB4A5855E2B}.Release|Any CPU.ActiveCfg = Release|Any CPU
		{BE081260-931C-4C93-81E3-CDB4A5855E2B}.Release|Any CPU.Build.0 = Release|Any CPU
		{413B877E-B40E-4E2B-A5AA-FBA0EA56195E}.Debug|Any CPU.ActiveCfg = Debug|Any CPU
		{413B877E-B40E-4E2B-A5AA-FBA0EA56195E}.Debug|Any CPU.Build.0 = Debug|Any CPU
		{413B877E-B40E-4E2B-A5AA-FBA0EA56195E}.Release|Any CPU.ActiveCfg = Release|Any CPU
		{413B877E-B40E-4E2B-A5AA-FBA0EA56195E}.Release|Any CPU.Build.0 = Release|Any CPU
	EndGlobalSection
	GlobalSection(SolutionProperties) = preSolution
		HideSolutionNode = FALSE
	EndGlobalSection
	GlobalSection(ExtensibilityGlobals) = postSolution
		SolutionGuid = {13B6A013-F7D4-4E49-92DC-95F67B71DE2D}
	EndGlobalSection
EndGlobal
